
Microsoft Visual Studio Solution File, Format Version 12.00
# Visual Studio 14
VisualStudioVersion = 14.0.23107.0
MinimumVisualStudioVersion = 10.0.40219.1
Project("{8BC9CEB8-8B4A-11D0-8D11-00A0C91BC942}") = "GameEngineering", "GameEngineering\GameEngineering.vcxproj", "{6DD25E83-38F2-4126-B3F7-2867B21FC95E}"
	ProjectSection(ProjectDependencies) = postProject
		{8B94C004-A48A-43D0-8D36-5A03735EF149} = {8B94C004-A48A-43D0-8D36-5A03735EF149}
		{254BCA0F-0440-40B9-9351-B5231DA4BEC9} = {254BCA0F-0440-40B9-9351-B5231DA4BEC9}
		{98D6B51B-CB0A-4389-ADC6-24082B967C3F} = {98D6B51B-CB0A-4389-ADC6-24082B967C3F}
		{D96ED281-1CA5-47EA-9B1F-677732B4B090} = {D96ED281-1CA5-47EA-9B1F-677732B4B090}
		{1D1FA88F-9153-4E96-9889-A2294E89AE45} = {1D1FA88F-9153-4E96-9889-A2294E89AE45}
		{B85920D9-81FF-4CF8-A9BA-73164BB0259F} = {B85920D9-81FF-4CF8-A9BA-73164BB0259F}
	EndProjectSection
EndProject
Project("{8BC9CEB8-8B4A-11D0-8D11-00A0C91BC942}") = "Physics", "Physics\Physics.vcxproj", "{254BCA0F-0440-40B9-9351-B5231DA4BEC9}"
EndProject
Project("{8BC9CEB8-8B4A-11D0-8D11-00A0C91BC942}") = "HUI", "HUI\HUI.vcxproj", "{1D1FA88F-9153-4E96-9889-A2294E89AE45}"
EndProject
Project("{8BC9CEB8-8B4A-11D0-8D11-00A0C91BC942}") = "Sound", "Sound\Sound.vcxproj", "{6617B485-6F95-46B9-A9C4-7A3E2A9F2071}"
EndProject
Project("{8BC9CEB8-8B4A-11D0-8D11-00A0C91BC942}") = "ResourceManagement", "ResourceManagement\ResourceManagement.vcxproj", "{B85920D9-81FF-4CF8-A9BA-73164BB0259F}"
EndProject
Project("{8BC9CEB8-8B4A-11D0-8D11-00A0C91BC942}") = "InitialliseShutdown", "InitialliseShutdown\InitialliseShutdown.vcxproj", "{7BFC96D3-241F-4A99-A0FE-6FED50D1E188}"
EndProject
Project("{8BC9CEB8-8B4A-11D0-8D11-00A0C91BC942}") = "FileIO", "FileIO\FileIO.vcxproj", "{D96ED281-1CA5-47EA-9B1F-677732B4B090}"
EndProject
Project("{8BC9CEB8-8B4A-11D0-8D11-00A0C91BC942}") = "Profiling", "Profiling\Profiling.vcxproj", "{59C437C1-C41F-4BD3-9767-0925B3489A15}"
EndProject
Project("{8BC9CEB8-8B4A-11D0-8D11-00A0C91BC942}") = "nclgl", "nclgl\nclgl.vcxproj", "{98D6B51B-CB0A-4389-ADC6-24082B967C3F}"
EndProject
Project("{8BC9CEB8-8B4A-11D0-8D11-00A0C91BC942}") = "Graphics", "Graphics\Graphics.vcxproj", "{8B94C004-A48A-43D0-8D36-5A03735EF149}"
	ProjectSection(ProjectDependencies) = postProject
		{254BCA0F-0440-40B9-9351-B5231DA4BEC9} = {254BCA0F-0440-40B9-9351-B5231DA4BEC9}
	EndProjectSection
EndProject
Global
	GlobalSection(SolutionConfigurationPlatforms) = preSolution
		Debug|ARM = Debug|ARM
		Debug|x64 = Debug|x64
		Debug|x86 = Debug|x86
		Release|ARM = Release|ARM
		Release|x64 = Release|x64
		Release|x86 = Release|x86
	EndGlobalSection
	GlobalSection(ProjectConfigurationPlatforms) = postSolution
		{6DD25E83-38F2-4126-B3F7-2867B21FC95E}.Debug|ARM.ActiveCfg = Debug|Win32
		{6DD25E83-38F2-4126-B3F7-2867B21FC95E}.Debug|x64.ActiveCfg = Debug|x64
		{6DD25E83-38F2-4126-B3F7-2867B21FC95E}.Debug|x64.Build.0 = Debug|x64
		{6DD25E83-38F2-4126-B3F7-2867B21FC95E}.Debug|x86.ActiveCfg = Debug|Win32
		{6DD25E83-38F2-4126-B3F7-2867B21FC95E}.Debug|x86.Build.0 = Debug|Win32
		{6DD25E83-38F2-4126-B3F7-2867B21FC95E}.Release|ARM.ActiveCfg = Release|Win32
		{6DD25E83-38F2-4126-B3F7-2867B21FC95E}.Release|x64.ActiveCfg = Release|x64
		{6DD25E83-38F2-4126-B3F7-2867B21FC95E}.Release|x64.Build.0 = Release|x64
		{6DD25E83-38F2-4126-B3F7-2867B21FC95E}.Release|x86.ActiveCfg = Release|Win32
		{6DD25E83-38F2-4126-B3F7-2867B21FC95E}.Release|x86.Build.0 = Release|Win32
		{254BCA0F-0440-40B9-9351-B5231DA4BEC9}.Debug|ARM.ActiveCfg = Debug|Win32
		{254BCA0F-0440-40B9-9351-B5231DA4BEC9}.Debug|x64.ActiveCfg = Debug|x64
		{254BCA0F-0440-40B9-9351-B5231DA4BEC9}.Debug|x64.Build.0 = Debug|x64
		{254BCA0F-0440-40B9-9351-B5231DA4BEC9}.Debug|x86.ActiveCfg = Debug|Win32
		{254BCA0F-0440-40B9-9351-B5231DA4BEC9}.Debug|x86.Build.0 = Debug|Win32
		{254BCA0F-0440-40B9-9351-B5231DA4BEC9}.Release|ARM.ActiveCfg = Release|Win32
		{254BCA0F-0440-40B9-9351-B5231DA4BEC9}.Release|x64.ActiveCfg = Release|x64
		{254BCA0F-0440-40B9-9351-B5231DA4BEC9}.Release|x64.Build.0 = Release|x64
		{254BCA0F-0440-40B9-9351-B5231DA4BEC9}.Release|x86.ActiveCfg = Release|Win32
		{254BCA0F-0440-40B9-9351-B5231DA4BEC9}.Release|x86.Build.0 = Release|Win32
		{1D1FA88F-9153-4E96-9889-A2294E89AE45}.Debug|ARM.ActiveCfg = Debug|Win32
		{1D1FA88F-9153-4E96-9889-A2294E89AE45}.Debug|x64.ActiveCfg = Debug|x64
		{1D1FA88F-9153-4E96-9889-A2294E89AE45}.Debug|x64.Build.0 = Debug|x64
		{1D1FA88F-9153-4E96-9889-A2294E89AE45}.Debug|x86.ActiveCfg = Debug|Win32
		{1D1FA88F-9153-4E96-9889-A2294E89AE45}.Debug|x86.Build.0 = Debug|Win32
		{1D1FA88F-9153-4E96-9889-A2294E89AE45}.Release|ARM.ActiveCfg = Release|Win32
		{1D1FA88F-9153-4E96-9889-A2294E89AE45}.Release|x64.ActiveCfg = Release|x64
		{1D1FA88F-9153-4E96-9889-A2294E89AE45}.Release|x64.Build.0 = Release|x64
		{1D1FA88F-9153-4E96-9889-A2294E89AE45}.Release|x86.ActiveCfg = Release|Win32
		{1D1FA88F-9153-4E96-9889-A2294E89AE45}.Release|x86.Build.0 = Release|Win32
		{6617B485-6F95-46B9-A9C4-7A3E2A9F2071}.Debug|ARM.ActiveCfg = Debug|Win32
		{6617B485-6F95-46B9-A9C4-7A3E2A9F2071}.Debug|x64.ActiveCfg = Debug|x64
		{6617B485-6F95-46B9-A9C4-7A3E2A9F2071}.Debug|x64.Build.0 = Debug|x64
		{6617B485-6F95-46B9-A9C4-7A3E2A9F2071}.Debug|x86.ActiveCfg = Debug|Win32
		{6617B485-6F95-46B9-A9C4-7A3E2A9F2071}.Debug|x86.Build.0 = Debug|Win32
		{6617B485-6F95-46B9-A9C4-7A3E2A9F2071}.Release|ARM.ActiveCfg = Release|Win32
		{6617B485-6F95-46B9-A9C4-7A3E2A9F2071}.Release|x64.ActiveCfg = Release|x64
		{6617B485-6F95-46B9-A9C4-7A3E2A9F2071}.Release|x64.Build.0 = Release|x64
		{6617B485-6F95-46B9-A9C4-7A3E2A9F2071}.Release|x86.ActiveCfg = Release|Win32
		{6617B485-6F95-46B9-A9C4-7A3E2A9F2071}.Release|x86.Build.0 = Release|Win32
		{B85920D9-81FF-4CF8-A9BA-73164BB0259F}.Debug|ARM.ActiveCfg = Debug|Win32
		{B85920D9-81FF-4CF8-A9BA-73164BB0259F}.Debug|x64.ActiveCfg = Debug|x64
		{B85920D9-81FF-4CF8-A9BA-73164BB0259F}.Debug|x64.Build.0 = Debug|x64
		{B85920D9-81FF-4CF8-A9BA-73164BB0259F}.Debug|x86.ActiveCfg = Debug|Win32
		{B85920D9-81FF-4CF8-A9BA-73164BB0259F}.Debug|x86.Build.0 = Debug|Win32
		{B85920D9-81FF-4CF8-A9BA-73164BB0259F}.Release|ARM.ActiveCfg = Release|Win32
		{B85920D9-81FF-4CF8-A9BA-73164BB0259F}.Release|x64.ActiveCfg = Release|x64
		{B85920D9-81FF-4CF8-A9BA-73164BB0259F}.Release|x64.Build.0 = Release|x64
		{B85920D9-81FF-4CF8-A9BA-73164BB0259F}.Release|x86.ActiveCfg = Release|Win32
		{B85920D9-81FF-4CF8-A9BA-73164BB0259F}.Release|x86.Build.0 = Release|Win32
		{7BFC96D3-241F-4A99-A0FE-6FED50D1E188}.Debug|ARM.ActiveCfg = Debug|Win32
		{7BFC96D3-241F-4A99-A0FE-6FED50D1E188}.Debug|x64.ActiveCfg = Debug|x64
		{7BFC96D3-241F-4A99-A0FE-6FED50D1E188}.Debug|x64.Build.0 = Debug|x64
		{7BFC96D3-241F-4A99-A0FE-6FED50D1E188}.Debug|x86.ActiveCfg = Debug|Win32
		{7BFC96D3-241F-4A99-A0FE-6FED50D1E188}.Debug|x86.Build.0 = Debug|Win32
		{7BFC96D3-241F-4A99-A0FE-6FED50D1E188}.Release|ARM.ActiveCfg = Release|Win32
		{7BFC96D3-241F-4A99-A0FE-6FED50D1E188}.Release|x64.ActiveCfg = Release|x64
		{7BFC96D3-241F-4A99-A0FE-6FED50D1E188}.Release|x64.Build.0 = Release|x64
		{7BFC96D3-241F-4A99-A0FE-6FED50D1E188}.Release|x86.ActiveCfg = Release|Win32
		{7BFC96D3-241F-4A99-A0FE-6FED50D1E188}.Release|x86.Build.0 = Release|Win32
		{D96ED281-1CA5-47EA-9B1F-677732B4B090}.Debug|ARM.ActiveCfg = Debug|Win32
		{D96ED281-1CA5-47EA-9B1F-677732B4B090}.Debug|x64.ActiveCfg = Debug|x64
		{D96ED281-1CA5-47EA-9B1F-677732B4B090}.Debug|x64.Build.0 = Debug|x64
		{D96ED281-1CA5-47EA-9B1F-677732B4B090}.Debug|x86.ActiveCfg = Debug|Win32
		{D96ED281-1CA5-47EA-9B1F-677732B4B090}.Debug|x86.Build.0 = Debug|Win32
		{D96ED281-1CA5-47EA-9B1F-677732B4B090}.Release|ARM.ActiveCfg = Release|Win32
		{D96ED281-1CA5-47EA-9B1F-677732B4B090}.Release|x64.ActiveCfg = Release|x64
		{D96ED281-1CA5-47EA-9B1F-677732B4B090}.Release|x64.Build.0 = Release|x64
		{D96ED281-1CA5-47EA-9B1F-677732B4B090}.Release|x86.ActiveCfg = Release|Win32
		{D96ED281-1CA5-47EA-9B1F-677732B4B090}.Release|x86.Build.0 = Release|Win32
		{59C437C1-C41F-4BD3-9767-0925B3489A15}.Debug|ARM.ActiveCfg = Debug|Win32
		{59C437C1-C41F-4BD3-9767-0925B3489A15}.Debug|x64.ActiveCfg = Debug|x64
		{59C437C1-C41F-4BD3-9767-0925B3489A15}.Debug|x64.Build.0 = Debug|x64
		{59C437C1-C41F-4BD3-9767-0925B3489A15}.Debug|x86.ActiveCfg = Debug|Win32
		{59C437C1-C41F-4BD3-9767-0925B3489A15}.Debug|x86.Build.0 = Debug|Win32
		{59C437C1-C41F-4BD3-9767-0925B3489A15}.Release|ARM.ActiveCfg = Release|Win32
		{59C437C1-C41F-4BD3-9767-0925B3489A15}.Release|x64.ActiveCfg = Release|x64
		{59C437C1-C41F-4BD3-9767-0925B3489A15}.Release|x64.Build.0 = Release|x64
		{59C437C1-C41F-4BD3-9767-0925B3489A15}.Release|x86.ActiveCfg = Release|Win32
		{59C437C1-C41F-4BD3-9767-0925B3489A15}.Release|x86.Build.0 = Release|Win32
		{98D6B51B-CB0A-4389-ADC6-24082B967C3F}.Debug|ARM.ActiveCfg = Debug|Win32
		{98D6B51B-CB0A-4389-ADC6-24082B967C3F}.Debug|x64.ActiveCfg = Debug|Win32
		{98D6B51B-CB0A-4389-ADC6-24082B967C3F}.Debug|x86.ActiveCfg = Debug|Win32
		{98D6B51B-CB0A-4389-ADC6-24082B967C3F}.Debug|x86.Build.0 = Debug|Win32
		{98D6B51B-CB0A-4389-ADC6-24082B967C3F}.Release|ARM.ActiveCfg = Release|Win32
		{98D6B51B-CB0A-4389-ADC6-24082B967C3F}.Release|x64.ActiveCfg = Release|Win32
		{98D6B51B-CB0A-4389-ADC6-24082B967C3F}.Release|x86.ActiveCfg = Release|Win32
		{98D6B51B-CB0A-4389-ADC6-24082B967C3F}.Release|x86.Build.0 = Release|Win32
		{8B94C004-A48A-43D0-8D36-5A03735EF149}.Debug|ARM.ActiveCfg = Debug|Win32
		{8B94C004-A48A-43D0-8D36-5A03735EF149}.Debug|x64.ActiveCfg = Debug|x64
		{8B94C004-A48A-43D0-8D36-5A03735EF149}.Debug|x64.Build.0 = Debug|x64
		{8B94C004-A48A-43D0-8D36-5A03735EF149}.Debug|x86.ActiveCfg = Debug|Win32
		{8B94C004-A48A-43D0-8D36-5A03735EF149}.Debug|x86.Build.0 = Debug|Win32
		{8B94C004-A48A-43D0-8D36-5A03735EF149}.Release|ARM.ActiveCfg = Release|Win32
		{8B94C004-A48A-43D0-8D36-5A03735EF149}.Release|x64.ActiveCfg = Release|x64
		{8B94C004-A48A-43D0-8D36-5A03735EF149}.Release|x64.Build.0 = Release|x64
		{8B94C004-A48A-43D0-8D36-5A03735EF149}.Release|x86.ActiveCfg = Release|Win32
		{8B94C004-A48A-43D0-8D36-5A03735EF149}.Release|x86.Build.0 = Release|Win32
	EndGlobalSection
	GlobalSection(SolutionProperties) = preSolution
		HideSolutionNode = FALSE
	EndGlobalSection
EndGlobal
